<?xml version="1.0" encoding="utf-8"?>
<Project ToolsVersion="4.0" xmlns="http://schemas.microsoft.com/developer/msbuild/2003">
  <ItemGroup>
    <Filter Include="Source Files">
      <UniqueIdentifier>{4FC737F1-C7A5-4376-A066-2A32D752A2FF}</UniqueIdentifier>
      <Extensions>cpp;c;cc;cxx;def;odl;idl;hpj;bat;asm;asmx</Extensions>
    </Filter>
    <Filter Include="Header Files">
      <UniqueIdentifier>{93995380-89BD-4b04-88EB-625FBE52EBFB}</UniqueIdentifier>
      <Extensions>h;hh;hpp;hxx;hm;inl;inc;xsd</Extensions>
    </Filter>
    <Filter Include="Resource Files">
      <UniqueIdentifier>{67DA6AB6-F800-4c08-8B7A-83BB121AAD01}</UniqueIdentifier>
      <Extensions>rc;ico;cur;bmp;dlg;rc2;rct;bin;rgs;gif;jpg;jpeg;jpe;resx;tiff;tif;png;wav;mfcribbon-ms</Extensions>
    </Filter>
  </ItemGroup>
  <ItemGroup>
    <ClCompile Include="..\common\iniParserWrapper.cpp">
      <Filter>Source Files</Filter>
    </ClCompile>
    <ClCompile Include="..\common\iniparser\src\dictionary.c">
      <Filter>Source Files</Filter>
    </ClCompile>
    <ClCompile Include="..\common\iniparser\src\iniparser.c">
      <Filter>Source Files</Filter>
    </ClCompile>
    <ClCompile Include="..\common\misc.cpp">
      <Filter>Source Files</Filter>
    </ClCompile>
    <ClCompile Include="..\common\udp.cpp">
      <Filter>Source Files</Filter>
    </ClCompile>
    <ClCompile Include="source\config.cpp">
      <Filter>Source Files</Filter>
    </ClCompile>
    <ClCompile Include="source\core.cpp">
      <Filter>Source Files</Filter>
    </ClCompile>
    <ClCompile Include="source\gui\button.cpp">
      <Filter>Source Files</Filter>
    </ClCompile>
    <ClCompile Include="source\gui\checkButton.cpp">
      <Filter>Source Files</Filter>
    </ClCompile>
    <ClCompile Include="source\gui\edit.cpp">
      <Filter>Source Files</Filter>
    </ClCompile>
    <ClCompile Include="source\gui\gui.cpp">
      <Filter>Source Files</Filter>
    </ClCompile>
    <ClCompile Include="source\gui\label.cpp">
      <Filter>Source Files</Filter>
    </ClCompile>
    <ClCompile Include="source\gui\object.cpp">
      <Filter>Source Files</Filter>
    </ClCompile>
    <ClCompile Include="source\gui\rect.cpp">
      <Filter>Source Files</Filter>
    </ClCompile>
    <ClCompile Include="source\gui\window.cpp">
      <Filter>Source Files</Filter>
    </ClCompile>
    <ClCompile Include="source\windows\commandWindow.cpp">
      <Filter>Source Files</Filter>
    </ClCompile>
    <ClCompile Include="source\windows\ipWindow.cpp">
      <Filter>Source Files</Filter>
    </ClCompile>
    <ClCompile Include="source\windows\keypadWindow.cpp">
      <Filter>Source Files</Filter>
    </ClCompile>
    <ClCompile Include="source\windows\mainWindow.cpp">
      <Filter>Source Files</Filter>
    </ClCompile>
    <ClCompile Include="source\windows\turboWindow.cpp">
      <Filter>Source Files</Filter>
    </ClCompile>
    <ClCompile Include="source\arm7\main7.c">
      <Filter>Source Files</Filter>
    </ClCompile>
    <ClCompile Include="source\main.cpp">
      <Filter>Source Files</Filter>
    </ClCompile>
    <ClCompile Include="source\windows\configWindow.cpp">
      <Filter>Source Files</Filter>
    </ClCompile>
    <ClCompile Include="source\windows\keyboardWindow.cpp">
      <Filter>Source Files</Filter>
    </ClCompile>
    <ClCompile Include="source\windows\gamepadWindow.cpp">
      <Filter>Source Files</Filter>
    </ClCompile>
    <ClCompile Include="..\common\easylogging++Wrapper.cpp">
      <Filter>Source Files</Filter>
    </ClCompile>
    <ClCompile Include="source\gui\png_format.cpp">
      <Filter>Source Files</Filter>
    </ClCompile>
  </ItemGroup>
  <ItemGroup>
    <ClInclude Include="..\common\ds2keyPacket.h">
      <Filter>Header Files</Filter>
    </ClInclude>
    <ClInclude Include="..\common\iniParserWrapper.h">
      <Filter>Header Files</Filter>
    </ClInclude>
    <ClInclude Include="..\common\iniparser\src\dictionary.h">
      <Filter>Header Files</Filter>
    </ClInclude>
    <ClInclude Include="..\common\iniparser\src\iniparser.h">
      <Filter>Header Files</Filter>
    </ClInclude>
    <ClInclude Include="..\common\misc.h">
      <Filter>Header Files</Filter>
    </ClInclude>
    <ClInclude Include="..\common\udp.h">
      <Filter>Header Files</Filter>
    </ClInclude>
    <ClInclude Include="source\config.h">
      <Filter>Header Files</Filter>
    </ClInclude>
    <ClInclude Include="source\core.h">
      <Filter>Header Files</Filter>
    </ClInclude>
    <ClInclude Include="source\dummy_types.h">
      <Filter>Header Files</Filter>
    </ClInclude>
    <ClInclude Include="source\gui\button.h">
      <Filter>Header Files</Filter>
    </ClInclude>
    <ClInclude Include="source\gui\checkButton.h">
      <Filter>Header Files</Filter>
    </ClInclude>
    <ClInclude Include="source\gui\edit.h">
      <Filter>Header Files</Filter>
    </ClInclude>
    <ClInclude Include="source\gui\gui.h">
      <Filter>Header Files</Filter>
    </ClInclude>
    <ClInclude Include="source\gui\label.h">
      <Filter>Header Files</Filter>
    </ClInclude>
    <ClInclude Include="source\gui\object.h">
      <Filter>Header Files</Filter>
    </ClInclude>
    <ClInclude Include="source\gui\rect.h">
      <Filter>Header Files</Filter>
    </ClInclude>
    <ClInclude Include="source\gui\window.h">
      <Filter>Header Files</Filter>
    </ClInclude>
    <ClInclude Include="source\windows\commandWindow.h">
      <Filter>Header Files</Filter>
    </ClInclude>
    <ClInclude Include="source\windows\ipWindow.h">
      <Filter>Header Files</Filter>
    </ClInclude>
    <ClInclude Include="source\windows\keypadWindow.h">
      <Filter>Header Files</Filter>
    </ClInclude>
    <ClInclude Include="source\windows\mainWindow.h">
      <Filter>Header Files</Filter>
    </ClInclude>
    <ClInclude Include="source\windows\turboWindow.h">
      <Filter>Header Files</Filter>
    </ClInclude>
    <ClInclude Include="source\windows\configWindow.h">
      <Filter>Header Files</Filter>
    </ClInclude>
    <ClInclude Include="source\windows\keyboardWindow.h">
      <Filter>Header Files</Filter>
    </ClInclude>
    <ClInclude Include="..\common\enum_keys.h">
      <Filter>Header Files</Filter>
    </ClInclude>
    <ClInclude Include="source\windows\gamepadWindow.h">
      <Filter>Header Files</Filter>
    </ClInclude>
    <ClInclude Include="..\common\easylogging++.h">
      <Filter>Header Files</Filter>
    </ClInclude>
    <ClInclude Include="..\common\easylogging++Wrapper.h">
      <Filter>Header Files</Filter>
    </ClInclude>
    <ClInclude Include="source\gui\png_format.h">
      <Filter>Header Files</Filter>
    </ClInclude>
  </ItemGroup>
</Project>