<?xml version="1.0" encoding="UTF-8" standalone="yes" ?>
<CodeBlocks_project_file>
	<FileVersion major="1" minor="6" />
	<Project>
		<Option title="DS2Key Client" />
		<Option makefile_is_custom="1" />
		<Option pch_mode="2" />
		<Option compiler="devkitpro_gnu_arm_gcc_compiler" />
		<MakeCommands>
			<Build command="$make -f $makefile" />
			<CompileFile command="$make -f $makefile" />
			<Clean command="$make -f $makefile clean" />
			<DistClean command="$make -f $makefile distclean$target" />
			<AskRebuildNeeded command="$make -f $makefile clean" />
			<SilentBuild command="$make -f $makefile &gt; $(CMD_NULL)" />
		</MakeCommands>
		<Build>
			<Target title="Nintendo DS">
				<Option output="C:/nocashgba/NOcashGBA_free.EXE" prefix_auto="0" extension_auto="0" />
				<Option working_dir="C:/nocashgba" />
				<Option object_output="obj/Debug/" />
				<Option external_deps="DS2Key Client.cbp;" />
				<Option additional_output="arm7/client.elf;arm7/build/main7.o;arm7/build/wifi.o;DS2Key Client.cbp;" />
				<Option type="0" />
				<Option compiler="devkitpro_gnu_arm_gcc_compiler" />
				<Option parameters="C:\Users\Derrick\projects\ds2key\cpp_rewrite\client\DS2Key.nds" />
				<Option host_application="C:/nocashgba/NOcashGBA.EXE" />
				<Option run_host_application_in_terminal="0" />
				<Compiler>
					<Add option="-g" />
				</Compiler>
				<MakeCommands>
					<Build command="$make -f $makefile" />
					<CompileFile command="$make -f $makefile" />
					<Clean command="$make -f $makefile clean" />
					<DistClean command="$make -f $makefile distclean$target" />
					<AskRebuildNeeded command="return 1" />
					<SilentBuild command="$make -f $makefile &gt; $(CMD_NULL)" />
				</MakeCommands>
			</Target>
		</Build>
		<Compiler>
			<Add option="-Wall" />
		</Compiler>
		<Unit filename="../common/ds2keyPacket.h" />
		<Unit filename="../common/iniParserWrapper.cpp" />
		<Unit filename="../common/iniParserWrapper.h" />
		<Unit filename="../common/iniparser/src/dictionary.c">
			<Option compilerVar="CC" />
		</Unit>
		<Unit filename="../common/iniparser/src/dictionary.h" />
		<Unit filename="../common/iniparser/src/iniparser.c">
			<Option compilerVar="CC" />
		</Unit>
		<Unit filename="../common/iniparser/src/iniparser.h" />
		<Unit filename="../common/misc.cpp" />
		<Unit filename="../common/misc.h" />
		<Unit filename="../common/udp.cpp" />
		<Unit filename="../common/udp.h" />
		<Unit filename="Makefile" />
		<Unit filename="arm7/Makefile" />
		<Unit filename="arm7/source/main7.c">
			<Option compilerVar="CC" />
		</Unit>
		<Unit filename="arm9/Makefile" />
		<Unit filename="arm9/source/apsearch.cpp" />
		<Unit filename="arm9/source/apsearch.h" />
		<Unit filename="arm9/source/config.cpp" />
		<Unit filename="arm9/source/config.h" />
		<Unit filename="arm9/source/core.cpp" />
		<Unit filename="arm9/source/core.h" />
		<Unit filename="arm9/source/gui/button.cpp" />
		<Unit filename="arm9/source/gui/button.h" />
		<Unit filename="arm9/source/gui/checkButton.cpp" />
		<Unit filename="arm9/source/gui/checkButton.h" />
		<Unit filename="arm9/source/gui/edit.cpp" />
		<Unit filename="arm9/source/gui/edit.h" />
		<Unit filename="arm9/source/gui/gui.cpp" />
		<Unit filename="arm9/source/gui/gui.h" />
		<Unit filename="arm9/source/gui/label.cpp" />
		<Unit filename="arm9/source/gui/label.h" />
		<Unit filename="arm9/source/gui/object.cpp" />
		<Unit filename="arm9/source/gui/object.h" />
		<Unit filename="arm9/source/gui/window.cpp" />
		<Unit filename="arm9/source/gui/window.h" />
		<Unit filename="arm9/source/main9.cpp" />
		<Unit filename="arm9/source/windows/commandWindow.cpp" />
		<Unit filename="arm9/source/windows/commandWindow.h" />
		<Unit filename="arm9/source/windows/ipWindow.cpp" />
		<Unit filename="arm9/source/windows/ipWindow.h" />
		<Unit filename="arm9/source/windows/keypadWindow.cpp" />
		<Unit filename="arm9/source/windows/keypadWindow.h" />
		<Unit filename="arm9/source/windows/mainWindow.cpp" />
		<Unit filename="arm9/source/windows/mainWindow.h" />
		<Unit filename="arm9/source/windows/turboWindow.cpp" />
		<Unit filename="arm9/source/windows/turboWindow.h" />
		<Extensions>
			<code_completion />
			<debugger />
			<envvars />
		</Extensions>
	</Project>
</CodeBlocks_project_file>
