<?xml version="1.0" encoding="utf-8"?>
<Project ToolsVersion="4.0" xmlns="http://schemas.microsoft.com/developer/msbuild/2003">
  <ItemGroup>
    <Filter Include="Source Files">
      <UniqueIdentifier>{4FC737F1-C7A5-4376-A066-2A32D752A2FF}</UniqueIdentifier>
      <Extensions>cpp;c;cc;cxx;def;odl;idl;hpj;bat;asm;asmx</Extensions>
    </Filter>
    <Filter Include="Header Files">
      <UniqueIdentifier>{93995380-89BD-4b04-88EB-625FBE52EBFB}</UniqueIdentifier>
      <Extensions>h;hh;hpp;hxx;hm;inl;inc;xsd</Extensions>
    </Filter>
    <Filter Include="Resource Files">
      <UniqueIdentifier>{67DA6AB6-F800-4c08-8B7A-83BB121AAD01}</UniqueIdentifier>
      <Extensions>rc;ico;cur;bmp;dlg;rc2;rct;bin;rgs;gif;jpg;jpeg;jpe;resx;tiff;tif;png;wav;mfcribbon-ms</Extensions>
    </Filter>
    <Filter Include="NewFilter1">
      <UniqueIdentifier>{f07a94c5-c46c-405e-8e36-14ba3a87efd2}</UniqueIdentifier>
      <Extensions>cpp</Extensions>
    </Filter>
  </ItemGroup>
  <ItemGroup>
    <ClInclude Include="..\common\ds2keyPacket.h">
      <Filter>Header Files</Filter>
    </ClInclude>
    <ClInclude Include="..\common\iniParserWrapper.h">
      <Filter>Header Files</Filter>
    </ClInclude>
    <ClInclude Include="..\common\iniparser\src\dictionary.h">
      <Filter>Header Files</Filter>
    </ClInclude>
    <ClInclude Include="..\common\iniparser\src\iniparser.h">
      <Filter>Header Files</Filter>
    </ClInclude>
    <ClInclude Include="..\common\misc.h">
      <Filter>Header Files</Filter>
    </ClInclude>
    <ClInclude Include="..\common\udp.h">
      <Filter>Header Files</Filter>
    </ClInclude>
    <ClInclude Include="core\client.h">
      <Filter>Header Files</Filter>
    </ClInclude>
    <ClInclude Include="core\config.h">
      <Filter>Header Files</Filter>
    </ClInclude>
    <ClInclude Include="core\core.h">
      <Filter>Header Files</Filter>
    </ClInclude>
    <ClInclude Include="core\input.h">
      <Filter>Header Files</Filter>
    </ClInclude>
    <ClInclude Include="gui\controls\button.h">
      <Filter>Header Files</Filter>
    </ClInclude>
    <ClInclude Include="gui\controls\checkButton.h">
      <Filter>Header Files</Filter>
    </ClInclude>
    <ClInclude Include="gui\controls\comboButton.h">
      <Filter>Header Files</Filter>
    </ClInclude>
    <ClInclude Include="gui\controls\edit.h">
      <Filter>Header Files</Filter>
    </ClInclude>
    <ClInclude Include="gui\controls\label.h">
      <Filter>Header Files</Filter>
    </ClInclude>
    <ClInclude Include="gui\controls\listView.h">
      <Filter>Header Files</Filter>
    </ClInclude>
    <ClInclude Include="gui\controls\menu.h">
      <Filter>Header Files</Filter>
    </ClInclude>
    <ClInclude Include="gui\controls\menuItem.h">
      <Filter>Header Files</Filter>
    </ClInclude>
    <ClInclude Include="gui\controls\menuPopUp.h">
      <Filter>Header Files</Filter>
    </ClInclude>
    <ClInclude Include="gui\controls\object.h">
      <Filter>Header Files</Filter>
    </ClInclude>
    <ClInclude Include="gui\controls\radioButton.h">
      <Filter>Header Files</Filter>
    </ClInclude>
    <ClInclude Include="gui\controls\statusBar.h">
      <Filter>Header Files</Filter>
    </ClInclude>
    <ClInclude Include="gui\controls\trayIcon.h">
      <Filter>Header Files</Filter>
    </ClInclude>
    <ClInclude Include="gui\controls\window.h">
      <Filter>Header Files</Filter>
    </ClInclude>
    <ClInclude Include="gui\gui.h">
      <Filter>Header Files</Filter>
    </ClInclude>
    <ClInclude Include="gui\mainWindow.h">
      <Filter>Header Files</Filter>
    </ClInclude>
    <ClInclude Include="gui\resource.h">
      <Filter>Header Files</Filter>
    </ClInclude>
    <ClInclude Include="core\vjoy.h">
      <Filter>Header Files</Filter>
    </ClInclude>
    <ClInclude Include="core\vjoy\inc\public.h">
      <Filter>Header Files</Filter>
    </ClInclude>
    <ClInclude Include="core\vjoy\inc\vjoyinterface.h">
      <Filter>Header Files</Filter>
    </ClInclude>
    <ClInclude Include="..\common\enum_keys.h">
      <Filter>Header Files</Filter>
    </ClInclude>
    <ClInclude Include="..\common\easylogging++.h">
      <Filter>Header Files</Filter>
    </ClInclude>
    <ClInclude Include="..\common\easylogging++Wrapper.h">
      <Filter>Header Files</Filter>
    </ClInclude>
    <ClInclude Include="..\common\key.h">
      <Filter>Header Files</Filter>
    </ClInclude>
  </ItemGroup>
  <ItemGroup>
    <ClCompile Include="..\common\iniParserWrapper.cpp">
      <Filter>Source Files</Filter>
    </ClCompile>
    <ClCompile Include="..\common\iniparser\src\dictionary.c">
      <Filter>Source Files</Filter>
    </ClCompile>
    <ClCompile Include="..\common\iniparser\src\iniparser.c">
      <Filter>Source Files</Filter>
    </ClCompile>
    <ClCompile Include="..\common\misc.cpp">
      <Filter>Source Files</Filter>
    </ClCompile>
    <ClCompile Include="..\common\udp.cpp">
      <Filter>Source Files</Filter>
    </ClCompile>
    <ClCompile Include="core\client.cpp">
      <Filter>Source Files</Filter>
    </ClCompile>
    <ClCompile Include="core\config.cpp">
      <Filter>Source Files</Filter>
    </ClCompile>
    <ClCompile Include="core\core.cpp">
      <Filter>Source Files</Filter>
    </ClCompile>
    <ClCompile Include="core\input.cpp">
      <Filter>Source Files</Filter>
    </ClCompile>
    <ClCompile Include="main.cpp">
      <Filter>Source Files</Filter>
    </ClCompile>
    <ClCompile Include="gui\controls\button.cpp">
      <Filter>Source Files</Filter>
    </ClCompile>
    <ClCompile Include="gui\controls\checkButton.cpp">
      <Filter>Source Files</Filter>
    </ClCompile>
    <ClCompile Include="gui\controls\comboButton.cpp">
      <Filter>Source Files</Filter>
    </ClCompile>
    <ClCompile Include="gui\controls\edit.cpp">
      <Filter>Source Files</Filter>
    </ClCompile>
    <ClCompile Include="gui\controls\label.cpp">
      <Filter>Source Files</Filter>
    </ClCompile>
    <ClCompile Include="gui\controls\listView.cpp">
      <Filter>Source Files</Filter>
    </ClCompile>
    <ClCompile Include="gui\controls\menu.cpp">
      <Filter>Source Files</Filter>
    </ClCompile>
    <ClCompile Include="gui\controls\menuItem.cpp">
      <Filter>Source Files</Filter>
    </ClCompile>
    <ClCompile Include="gui\controls\menuPopUp.cpp">
      <Filter>Source Files</Filter>
    </ClCompile>
    <ClCompile Include="gui\controls\object.cpp">
      <Filter>Source Files</Filter>
    </ClCompile>
    <ClCompile Include="gui\controls\radioButton.cpp">
      <Filter>Source Files</Filter>
    </ClCompile>
    <ClCompile Include="gui\controls\statusBar.cpp">
      <Filter>Source Files</Filter>
    </ClCompile>
    <ClCompile Include="gui\controls\trayIcon.cpp">
      <Filter>Source Files</Filter>
    </ClCompile>
    <ClCompile Include="gui\controls\window.cpp">
      <Filter>Source Files</Filter>
    </ClCompile>
    <ClCompile Include="gui\gui.cpp">
      <Filter>Source Files</Filter>
    </ClCompile>
    <ClCompile Include="gui\mainWindow.cpp">
      <Filter>Source Files</Filter>
    </ClCompile>
    <ClCompile Include="core\vjoy.cpp">
      <Filter>Source Files</Filter>
    </ClCompile>
    <ClCompile Include="..\common\easylogging++Wrapper.cpp">
      <Filter>Source Files</Filter>
    </ClCompile>
    <ClCompile Include="..\common\key.cpp">
      <Filter>Source Files</Filter>
    </ClCompile>
  </ItemGroup>
  <ItemGroup>
    <Image Include="gui\ds2key.ico">
      <Filter>Resource Files</Filter>
    </Image>
  </ItemGroup>
  <ItemGroup>
    <ResourceCompile Include="gui\resource.rc">
      <Filter>Resource Files</Filter>
    </ResourceCompile>
  </ItemGroup>
  <ItemGroup>
    <Xml Include="gui\xpmanifest.xml" />
  </ItemGroup>
</Project>