
Microsoft Visual Studio Solution File, Format Version 10.00
# Visual C++ Express 2008
Project("{8BC9CEB8-8B4A-11D0-8D11-00A0C91BC942}") = "DS2Key", "DS2Key\DS2Key.vcproj", "{BF438EE9-6281-4B1A-9C7B-C452E21DBCF7}"
EndProject
Global
	GlobalSection(SolutionConfigurationPlatforms) = preSolution
		Debug (Console)|Win32 = Debug (Console)|Win32
		Debug (GUI)|Win32 = Debug (GUI)|Win32
		Release (Console)|Win32 = Release (Console)|Win32
		Release (GUI)|Win32 = Release (GUI)|Win32
	EndGlobalSection
	GlobalSection(ProjectConfigurationPlatforms) = postSolution
		{BF438EE9-6281-4B1A-9C7B-C452E21DBCF7}.Debug (Console)|Win32.ActiveCfg = Debug (Console)|Win32
		{BF438EE9-6281-4B1A-9C7B-C452E21DBCF7}.Debug (Console)|Win32.Build.0 = Debug (Console)|Win32
		{BF438EE9-6281-4B1A-9C7B-C452E21DBCF7}.Debug (GUI)|Win32.ActiveCfg = Release (GUI)|Win32
		{BF438EE9-6281-4B1A-9C7B-C452E21DBCF7}.Debug (GUI)|Win32.Build.0 = Release (GUI)|Win32
		{BF438EE9-6281-4B1A-9C7B-C452E21DBCF7}.Release (Console)|Win32.ActiveCfg = Release (Console)|Win32
		{BF438EE9-6281-4B1A-9C7B-C452E21DBCF7}.Release (Console)|Win32.Build.0 = Release (Console)|Win32
		{BF438EE9-6281-4B1A-9C7B-C452E21DBCF7}.Release (GUI)|Win32.ActiveCfg = Release (GUI)|Win32
		{BF438EE9-6281-4B1A-9C7B-C452E21DBCF7}.Release (GUI)|Win32.Build.0 = Release (GUI)|Win32
	EndGlobalSection
	GlobalSection(SolutionProperties) = preSolution
		HideSolutionNode = FALSE
	EndGlobalSection
EndGlobal
